
Microsoft Visual Studio Solution File, Format Version 12.00
# Visual Studio Version 17
VisualStudioVersion = 17.4.33122.133
MinimumVisualStudioVersion = 10.0.40219.1
Project("{FAE04EC0-301F-11D3-BF4B-00C04F79EFBC}") = "Eno", "Eno\Eno.csproj", "{1A8012EE-FBE7-43C0-8D3E-15203EA4EBC5}"
EndProject
Global
	GlobalSection(SolutionConfigurationPlatforms) = preSolution
		Debug|Any CPU = Debug|Any CPU
		Release|Any CPU = Release|Any CPU
	EndGlobalSection
	GlobalSection(ProjectConfigurationPlatforms) = postSolution
		{1A8012EE-FBE7-43C0-8D3E-15203EA4EBC5}.Debug|Any CPU.ActiveCfg = Debug|Any CPU
		{1A8012EE-FBE7-43C0-8D3E-15203EA4EBC5}.Debug|Any CPU.Build.0 = Debug|Any CPU
		{1A8012EE-FBE7-43C0-8D3E-15203EA4EBC5}.Release|Any CPU.ActiveCfg = Release|Any CPU
		{1A8012EE-FBE7-43C0-8D3E-15203EA4EBC5}.Release|Any CPU.Build.0 = Release|Any CPU
	EndGlobalSection
	GlobalSection(SolutionProperties) = preSolution
		HideSolutionNode = FALSE
	EndGlobalSection
	GlobalSection(ExtensibilityGlobals) = postSolution
		SolutionGuid = {FD1D52DF-DFFA-49EB-B279-00908CC87C2B}
	EndGlobalSection
EndGlobal
